
Microsoft Visual Studio Solution File, Format Version 12.00
# Visual Studio Version 17
VisualStudioVersion = 17.0.31903.59
MinimumVisualStudioVersion = 10.0.40219.1
Project("{FAE04EC0-301F-11D3-BF4B-00C04F79EFBC}") = "Classes_M1", "Classes_M1\Classes_M1.csproj", "{41109512-2BF8-437E-BCAE-181EDA56AAA3}"
EndProject
Project("{FAE04EC0-301F-11D3-BF4B-00C04F79EFBC}") = "Classes_M1_A", "Classes_M1_A\Classes_M1_A.csproj", "{E66261F8-CA7C-4C3C-ADF1-C5F3C6737FBB}"
EndProject
Project("{FAE04EC0-301F-11D3-BF4B-00C04F79EFBC}") = "Classes_M1_B", "Classes_M1_B\Classes_M1_B.csproj", "{48213453-161F-4907-B87C-3AEE269F2A10}"
EndProject
Project("{FAE04EC0-301F-11D3-BF4B-00C04F79EFBC}") = "Classes_M1_C", "Classes_M1_C\Classes_M1_C.csproj", "{012297B2-D453-4434-A92A-5605C4B59857}"
EndProject
Project("{FAE04EC0-301F-11D3-BF4B-00C04F79EFBC}") = "Classes_M1_D", "Classes_M1_D\Classes_M1_D.csproj", "{0650BCA5-D09B-415B-9CF6-D63EDCFEDACB}"
EndProject
Project("{FAE04EC0-301F-11D3-BF4B-00C04F79EFBC}") = "Classes_M1_E", "Classes_M1_E\Classes_M1_E.csproj", "{6437EE21-2721-4ACE-AC2A-9D66A2C727A5}"
EndProject
Project("{FAE04EC0-301F-11D3-BF4B-00C04F79EFBC}") = "Classes_M1_F", "Classes_M1_F\Classes_M1_F.csproj", "{B8C20527-B300-475F-8E5C-F894B5A18B3A}"
EndProject
Project("{FAE04EC0-301F-11D3-BF4B-00C04F79EFBC}") = "Classes_M1_G", "Classes_M1_G\Classes_M1_G.csproj", "{CC14A6F7-36C6-4050-B6CE-6AC91F74E413}"
EndProject
Project("{FAE04EC0-301F-11D3-BF4B-00C04F79EFBC}") = "Classes_M1_H", "Classes_M1_H\Classes_M1_H.csproj", "{9EFF8BD1-6952-4BB6-AE1C-202279794CBA}"
EndProject
Project("{FAE04EC0-301F-11D3-BF4B-00C04F79EFBC}") = "Classes_M1_I", "Classes_M1_I\Classes_M1_I.csproj", "{FC550678-6CBE-4D32-99AB-4B904516D460}"
EndProject
Project("{FAE04EC0-301F-11D3-BF4B-00C04F79EFBC}") = "Classes_M1_J", "Classes_M1_J\Classes_M1_J.csproj", "{45919663-8AF4-4FA6-A653-D411FD50FAD1}"
EndProject
Project("{FAE04EC0-301F-11D3-BF4B-00C04F79EFBC}") = "Classes_M1_K", "Classes_M1_K\Classes_M1_K.csproj", "{0BC5B762-E59D-4FC7-B074-D3016C8C95D0}"
EndProject
Project("{FAE04EC0-301F-11D3-BF4B-00C04F79EFBC}") = "Classes_M1_L", "Classes_M1_L\Classes_M1_L.csproj", "{0B6CD20A-31C9-46A4-A8D5-310FB0BFCA17}"
EndProject
Project("{FAE04EC0-301F-11D3-BF4B-00C04F79EFBC}") = "Classes_M1_M", "Classes_M1_M\Classes_M1_M.csproj", "{1465DBC1-A3BF-40F1-A8CF-B87F2D5F1891}"
EndProject
Project("{FAE04EC0-301F-11D3-BF4B-00C04F79EFBC}") = "Classes_M1_N", "Classes_M1_N\Classes_M1_N.csproj", "{74294DBA-1A2F-4C14-A4EE-96D61D5A47E6}"
EndProject
Project("{FAE04EC0-301F-11D3-BF4B-00C04F79EFBC}") = "Classes_M1_O", "Classes_M1_O\Classes_M1_O.csproj", "{A262ACB8-A0C0-4DDE-BF54-A999F1360263}"
EndProject
Project("{FAE04EC0-301F-11D3-BF4B-00C04F79EFBC}") = "MotorCycleExample", "MotorCycleExample\MotorCycleExample.csproj", "{AB693F78-5D58-4100-8A8A-D83CA3B991ED}"
EndProject
Project("{FAE04EC0-301F-11D3-BF4B-00C04F79EFBC}") = "ByValueExample", "ByValueExample\ByValueExample.csproj", "{CF894A3A-23A8-462D-A309-BD0E98C96EA7}"
EndProject
Project("{FAE04EC0-301F-11D3-BF4B-00C04F79EFBC}") = "ByRefTypeExample", "ByRefTypeExample\ByRefTypeExample.csproj", "{8D9BB260-C65A-4802-BDD6-C5F2518340E3}"
EndProject
Project("{FAE04EC0-301F-11D3-BF4B-00C04F79EFBC}") = "ByRefExample", "ByRefExample\ByRefExample.csproj", "{427347D0-9C03-4E41-B98E-F32E0998614D}"
EndProject
Project("{FAE04EC0-301F-11D3-BF4B-00C04F79EFBC}") = "RefSwapExample", "RefSwapExample\RefSwapExample.csproj", "{C9747E2B-FD12-4D0A-A5D1-12EC978AB704}"
EndProject
Project("{FAE04EC0-301F-11D3-BF4B-00C04F79EFBC}") = "ParamsExample", "ParamsExample\ParamsExample.csproj", "{FE6CE86F-6F96-41FF-BA8D-AC9E0B5EE364}"
EndProject
Project("{FAE04EC0-301F-11D3-BF4B-00C04F79EFBC}") = "ExtensionMethodDemo", "LearnExtensionMethods\ExtensionMethodDemo.csproj", "{A2829C93-2999-4CA6-854A-E60ED26B9F3C}"
EndProject
Global
	GlobalSection(SolutionConfigurationPlatforms) = preSolution
		Debug|Any CPU = Debug|Any CPU
		Debug|x64 = Debug|x64
		Debug|x86 = Debug|x86
		Release|Any CPU = Release|Any CPU
		Release|x64 = Release|x64
		Release|x86 = Release|x86
	EndGlobalSection
	GlobalSection(ProjectConfigurationPlatforms) = postSolution
		{41109512-2BF8-437E-BCAE-181EDA56AAA3}.Debug|Any CPU.ActiveCfg = Debug|Any CPU
		{41109512-2BF8-437E-BCAE-181EDA56AAA3}.Debug|Any CPU.Build.0 = Debug|Any CPU
		{41109512-2BF8-437E-BCAE-181EDA56AAA3}.Debug|x64.ActiveCfg = Debug|Any CPU
		{41109512-2BF8-437E-BCAE-181EDA56AAA3}.Debug|x64.Build.0 = Debug|Any CPU
		{41109512-2BF8-437E-BCAE-181EDA56AAA3}.Debug|x86.ActiveCfg = Debug|Any CPU
		{41109512-2BF8-437E-BCAE-181EDA56AAA3}.Debug|x86.Build.0 = Debug|Any CPU
		{41109512-2BF8-437E-BCAE-181EDA56AAA3}.Release|Any CPU.ActiveCfg = Release|Any CPU
		{41109512-2BF8-437E-BCAE-181EDA56AAA3}.Release|Any CPU.Build.0 = Release|Any CPU
		{41109512-2BF8-437E-BCAE-181EDA56AAA3}.Release|x64.ActiveCfg = Release|Any CPU
		{41109512-2BF8-437E-BCAE-181EDA56AAA3}.Release|x64.Build.0 = Release|Any CPU
		{41109512-2BF8-437E-BCAE-181EDA56AAA3}.Release|x86.ActiveCfg = Release|Any CPU
		{41109512-2BF8-437E-BCAE-181EDA56AAA3}.Release|x86.Build.0 = Release|Any CPU
		{E66261F8-CA7C-4C3C-ADF1-C5F3C6737FBB}.Debug|Any CPU.ActiveCfg = Debug|Any CPU
		{E66261F8-CA7C-4C3C-ADF1-C5F3C6737FBB}.Debug|Any CPU.Build.0 = Debug|Any CPU
		{E66261F8-CA7C-4C3C-ADF1-C5F3C6737FBB}.Debug|x64.ActiveCfg = Debug|Any CPU
		{E66261F8-CA7C-4C3C-ADF1-C5F3C6737FBB}.Debug|x64.Build.0 = Debug|Any CPU
		{E66261F8-CA7C-4C3C-ADF1-C5F3C6737FBB}.Debug|x86.ActiveCfg = Debug|Any CPU
		{E66261F8-CA7C-4C3C-ADF1-C5F3C6737FBB}.Debug|x86.Build.0 = Debug|Any CPU
		{E66261F8-CA7C-4C3C-ADF1-C5F3C6737FBB}.Release|Any CPU.ActiveCfg = Release|Any CPU
		{E66261F8-CA7C-4C3C-ADF1-C5F3C6737FBB}.Release|Any CPU.Build.0 = Release|Any CPU
		{E66261F8-CA7C-4C3C-ADF1-C5F3C6737FBB}.Release|x64.ActiveCfg = Release|Any CPU
		{E66261F8-CA7C-4C3C-ADF1-C5F3C6737FBB}.Release|x64.Build.0 = Release|Any CPU
		{E66261F8-CA7C-4C3C-ADF1-C5F3C6737FBB}.Release|x86.ActiveCfg = Release|Any CPU
		{E66261F8-CA7C-4C3C-ADF1-C5F3C6737FBB}.Release|x86.Build.0 = Release|Any CPU
		{48213453-161F-4907-B87C-3AEE269F2A10}.Debug|Any CPU.ActiveCfg = Debug|Any CPU
		{48213453-161F-4907-B87C-3AEE269F2A10}.Debug|Any CPU.Build.0 = Debug|Any CPU
		{48213453-161F-4907-B87C-3AEE269F2A10}.Debug|x64.ActiveCfg = Debug|Any CPU
		{48213453-161F-4907-B87C-3AEE269F2A10}.Debug|x64.Build.0 = Debug|Any CPU
		{48213453-161F-4907-B87C-3AEE269F2A10}.Debug|x86.ActiveCfg = Debug|Any CPU
		{48213453-161F-4907-B87C-3AEE269F2A10}.Debug|x86.Build.0 = Debug|Any CPU
		{48213453-161F-4907-B87C-3AEE269F2A10}.Release|Any CPU.ActiveCfg = Release|Any CPU
		{48213453-161F-4907-B87C-3AEE269F2A10}.Release|Any CPU.Build.0 = Release|Any CPU
		{48213453-161F-4907-B87C-3AEE269F2A10}.Release|x64.ActiveCfg = Release|Any CPU
		{48213453-161F-4907-B87C-3AEE269F2A10}.Release|x64.Build.0 = Release|Any CPU
		{48213453-161F-4907-B87C-3AEE269F2A10}.Release|x86.ActiveCfg = Release|Any CPU
		{48213453-161F-4907-B87C-3AEE269F2A10}.Release|x86.Build.0 = Release|Any CPU
		{012297B2-D453-4434-A92A-5605C4B59857}.Debug|Any CPU.ActiveCfg = Debug|Any CPU
		{012297B2-D453-4434-A92A-5605C4B59857}.Debug|Any CPU.Build.0 = Debug|Any CPU
		{012297B2-D453-4434-A92A-5605C4B59857}.Debug|x64.ActiveCfg = Debug|Any CPU
		{012297B2-D453-4434-A92A-5605C4B59857}.Debug|x64.Build.0 = Debug|Any CPU
		{012297B2-D453-4434-A92A-5605C4B59857}.Debug|x86.ActiveCfg = Debug|Any CPU
		{012297B2-D453-4434-A92A-5605C4B59857}.Debug|x86.Build.0 = Debug|Any CPU
		{012297B2-D453-4434-A92A-5605C4B59857}.Release|Any CPU.ActiveCfg = Release|Any CPU
		{012297B2-D453-4434-A92A-5605C4B59857}.Release|Any CPU.Build.0 = Release|Any CPU
		{012297B2-D453-4434-A92A-5605C4B59857}.Release|x64.ActiveCfg = Release|Any CPU
		{012297B2-D453-4434-A92A-5605C4B59857}.Release|x64.Build.0 = Release|Any CPU
		{012297B2-D453-4434-A92A-5605C4B59857}.Release|x86.ActiveCfg = Release|Any CPU
		{012297B2-D453-4434-A92A-5605C4B59857}.Release|x86.Build.0 = Release|Any CPU
		{0650BCA5-D09B-415B-9CF6-D63EDCFEDACB}.Debug|Any CPU.ActiveCfg = Debug|Any CPU
		{0650BCA5-D09B-415B-9CF6-D63EDCFEDACB}.Debug|Any CPU.Build.0 = Debug|Any CPU
		{0650BCA5-D09B-415B-9CF6-D63EDCFEDACB}.Debug|x64.ActiveCfg = Debug|Any CPU
		{0650BCA5-D09B-415B-9CF6-D63EDCFEDACB}.Debug|x64.Build.0 = Debug|Any CPU
		{0650BCA5-D09B-415B-9CF6-D63EDCFEDACB}.Debug|x86.ActiveCfg = Debug|Any CPU
		{0650BCA5-D09B-415B-9CF6-D63EDCFEDACB}.Debug|x86.Build.0 = Debug|Any CPU
		{0650BCA5-D09B-415B-9CF6-D63EDCFEDACB}.Release|Any CPU.ActiveCfg = Release|Any CPU
		{0650BCA5-D09B-415B-9CF6-D63EDCFEDACB}.Release|Any CPU.Build.0 = Release|Any CPU
		{0650BCA5-D09B-415B-9CF6-D63EDCFEDACB}.Release|x64.ActiveCfg = Release|Any CPU
		{0650BCA5-D09B-415B-9CF6-D63EDCFEDACB}.Release|x64.Build.0 = Release|Any CPU
		{0650BCA5-D09B-415B-9CF6-D63EDCFEDACB}.Release|x86.ActiveCfg = Release|Any CPU
		{0650BCA5-D09B-415B-9CF6-D63EDCFEDACB}.Release|x86.Build.0 = Release|Any CPU
		{6437EE21-2721-4ACE-AC2A-9D66A2C727A5}.Debug|Any CPU.ActiveCfg = Debug|Any CPU
		{6437EE21-2721-4ACE-AC2A-9D66A2C727A5}.Debug|Any CPU.Build.0 = Debug|Any CPU
		{6437EE21-2721-4ACE-AC2A-9D66A2C727A5}.Debug|x64.ActiveCfg = Debug|Any CPU
		{6437EE21-2721-4ACE-AC2A-9D66A2C727A5}.Debug|x64.Build.0 = Debug|Any CPU
		{6437EE21-2721-4ACE-AC2A-9D66A2C727A5}.Debug|x86.ActiveCfg = Debug|Any CPU
		{6437EE21-2721-4ACE-AC2A-9D66A2C727A5}.Debug|x86.Build.0 = Debug|Any CPU
		{6437EE21-2721-4ACE-AC2A-9D66A2C727A5}.Release|Any CPU.ActiveCfg = Release|Any CPU
		{6437EE21-2721-4ACE-AC2A-9D66A2C727A5}.Release|Any CPU.Build.0 = Release|Any CPU
		{6437EE21-2721-4ACE-AC2A-9D66A2C727A5}.Release|x64.ActiveCfg = Release|Any CPU
		{6437EE21-2721-4ACE-AC2A-9D66A2C727A5}.Release|x64.Build.0 = Release|Any CPU
		{6437EE21-2721-4ACE-AC2A-9D66A2C727A5}.Release|x86.ActiveCfg = Release|Any CPU
		{6437EE21-2721-4ACE-AC2A-9D66A2C727A5}.Release|x86.Build.0 = Release|Any CPU
		{B8C20527-B300-475F-8E5C-F894B5A18B3A}.Debug|Any CPU.ActiveCfg = Debug|Any CPU
		{B8C20527-B300-475F-8E5C-F894B5A18B3A}.Debug|Any CPU.Build.0 = Debug|Any CPU
		{B8C20527-B300-475F-8E5C-F894B5A18B3A}.Debug|x64.ActiveCfg = Debug|Any CPU
		{B8C20527-B300-475F-8E5C-F894B5A18B3A}.Debug|x64.Build.0 = Debug|Any CPU
		{B8C20527-B300-475F-8E5C-F894B5A18B3A}.Debug|x86.ActiveCfg = Debug|Any CPU
		{B8C20527-B300-475F-8E5C-F894B5A18B3A}.Debug|x86.Build.0 = Debug|Any CPU
		{B8C20527-B300-475F-8E5C-F894B5A18B3A}.Release|Any CPU.ActiveCfg = Release|Any CPU
		{B8C20527-B300-475F-8E5C-F894B5A18B3A}.Release|Any CPU.Build.0 = Release|Any CPU
		{B8C20527-B300-475F-8E5C-F894B5A18B3A}.Release|x64.ActiveCfg = Release|Any CPU
		{B8C20527-B300-475F-8E5C-F894B5A18B3A}.Release|x64.Build.0 = Release|Any CPU
		{B8C20527-B300-475F-8E5C-F894B5A18B3A}.Release|x86.ActiveCfg = Release|Any CPU
		{B8C20527-B300-475F-8E5C-F894B5A18B3A}.Release|x86.Build.0 = Release|Any CPU
		{CC14A6F7-36C6-4050-B6CE-6AC91F74E413}.Debug|Any CPU.ActiveCfg = Debug|Any CPU
		{CC14A6F7-36C6-4050-B6CE-6AC91F74E413}.Debug|Any CPU.Build.0 = Debug|Any CPU
		{CC14A6F7-36C6-4050-B6CE-6AC91F74E413}.Debug|x64.ActiveCfg = Debug|Any CPU
		{CC14A6F7-36C6-4050-B6CE-6AC91F74E413}.Debug|x64.Build.0 = Debug|Any CPU
		{CC14A6F7-36C6-4050-B6CE-6AC91F74E413}.Debug|x86.ActiveCfg = Debug|Any CPU
		{CC14A6F7-36C6-4050-B6CE-6AC91F74E413}.Debug|x86.Build.0 = Debug|Any CPU
		{CC14A6F7-36C6-4050-B6CE-6AC91F74E413}.Release|Any CPU.ActiveCfg = Release|Any CPU
		{CC14A6F7-36C6-4050-B6CE-6AC91F74E413}.Release|Any CPU.Build.0 = Release|Any CPU
		{CC14A6F7-36C6-4050-B6CE-6AC91F74E413}.Release|x64.ActiveCfg = Release|Any CPU
		{CC14A6F7-36C6-4050-B6CE-6AC91F74E413}.Release|x64.Build.0 = Release|Any CPU
		{CC14A6F7-36C6-4050-B6CE-6AC91F74E413}.Release|x86.ActiveCfg = Release|Any CPU
		{CC14A6F7-36C6-4050-B6CE-6AC91F74E413}.Release|x86.Build.0 = Release|Any CPU
		{9EFF8BD1-6952-4BB6-AE1C-202279794CBA}.Debug|Any CPU.ActiveCfg = Debug|Any CPU
		{9EFF8BD1-6952-4BB6-AE1C-202279794CBA}.Debug|Any CPU.Build.0 = Debug|Any CPU
		{9EFF8BD1-6952-4BB6-AE1C-202279794CBA}.Debug|x64.ActiveCfg = Debug|Any CPU
		{9EFF8BD1-6952-4BB6-AE1C-202279794CBA}.Debug|x64.Build.0 = Debug|Any CPU
		{9EFF8BD1-6952-4BB6-AE1C-202279794CBA}.Debug|x86.ActiveCfg = Debug|Any CPU
		{9EFF8BD1-6952-4BB6-AE1C-202279794CBA}.Debug|x86.Build.0 = Debug|Any CPU
		{9EFF8BD1-6952-4BB6-AE1C-202279794CBA}.Release|Any CPU.ActiveCfg = Release|Any CPU
		{9EFF8BD1-6952-4BB6-AE1C-202279794CBA}.Release|Any CPU.Build.0 = Release|Any CPU
		{9EFF8BD1-6952-4BB6-AE1C-202279794CBA}.Release|x64.ActiveCfg = Release|Any CPU
		{9EFF8BD1-6952-4BB6-AE1C-202279794CBA}.Release|x64.Build.0 = Release|Any CPU
		{9EFF8BD1-6952-4BB6-AE1C-202279794CBA}.Release|x86.ActiveCfg = Release|Any CPU
		{9EFF8BD1-6952-4BB6-AE1C-202279794CBA}.Release|x86.Build.0 = Release|Any CPU
		{FC550678-6CBE-4D32-99AB-4B904516D460}.Debug|Any CPU.ActiveCfg = Debug|Any CPU
		{FC550678-6CBE-4D32-99AB-4B904516D460}.Debug|Any CPU.Build.0 = Debug|Any CPU
		{FC550678-6CBE-4D32-99AB-4B904516D460}.Debug|x64.ActiveCfg = Debug|Any CPU
		{FC550678-6CBE-4D32-99AB-4B904516D460}.Debug|x64.Build.0 = Debug|Any CPU
		{FC550678-6CBE-4D32-99AB-4B904516D460}.Debug|x86.ActiveCfg = Debug|Any CPU
		{FC550678-6CBE-4D32-99AB-4B904516D460}.Debug|x86.Build.0 = Debug|Any CPU
		{FC550678-6CBE-4D32-99AB-4B904516D460}.Release|Any CPU.ActiveCfg = Release|Any CPU
		{FC550678-6CBE-4D32-99AB-4B904516D460}.Release|Any CPU.Build.0 = Release|Any CPU
		{FC550678-6CBE-4D32-99AB-4B904516D460}.Release|x64.ActiveCfg = Release|Any CPU
		{FC550678-6CBE-4D32-99AB-4B904516D460}.Release|x64.Build.0 = Release|Any CPU
		{FC550678-6CBE-4D32-99AB-4B904516D460}.Release|x86.ActiveCfg = Release|Any CPU
		{FC550678-6CBE-4D32-99AB-4B904516D460}.Release|x86.Build.0 = Release|Any CPU
		{45919663-8AF4-4FA6-A653-D411FD50FAD1}.Debug|Any CPU.ActiveCfg = Debug|Any CPU
		{45919663-8AF4-4FA6-A653-D411FD50FAD1}.Debug|Any CPU.Build.0 = Debug|Any CPU
		{45919663-8AF4-4FA6-A653-D411FD50FAD1}.Debug|x64.ActiveCfg = Debug|Any CPU
		{45919663-8AF4-4FA6-A653-D411FD50FAD1}.Debug|x64.Build.0 = Debug|Any CPU
		{45919663-8AF4-4FA6-A653-D411FD50FAD1}.Debug|x86.ActiveCfg = Debug|Any CPU
		{45919663-8AF4-4FA6-A653-D411FD50FAD1}.Debug|x86.Build.0 = Debug|Any CPU
		{45919663-8AF4-4FA6-A653-D411FD50FAD1}.Release|Any CPU.ActiveCfg = Release|Any CPU
		{45919663-8AF4-4FA6-A653-D411FD50FAD1}.Release|Any CPU.Build.0 = Release|Any CPU
		{45919663-8AF4-4FA6-A653-D411FD50FAD1}.Release|x64.ActiveCfg = Release|Any CPU
		{45919663-8AF4-4FA6-A653-D411FD50FAD1}.Release|x64.Build.0 = Release|Any CPU
		{45919663-8AF4-4FA6-A653-D411FD50FAD1}.Release|x86.ActiveCfg = Release|Any CPU
		{45919663-8AF4-4FA6-A653-D411FD50FAD1}.Release|x86.Build.0 = Release|Any CPU
		{0BC5B762-E59D-4FC7-B074-D3016C8C95D0}.Debug|Any CPU.ActiveCfg = Debug|Any CPU
		{0BC5B762-E59D-4FC7-B074-D3016C8C95D0}.Debug|Any CPU.Build.0 = Debug|Any CPU
		{0BC5B762-E59D-4FC7-B074-D3016C8C95D0}.Debug|x64.ActiveCfg = Debug|Any CPU
		{0BC5B762-E59D-4FC7-B074-D3016C8C95D0}.Debug|x64.Build.0 = Debug|Any CPU
		{0BC5B762-E59D-4FC7-B074-D3016C8C95D0}.Debug|x86.ActiveCfg = Debug|Any CPU
		{0BC5B762-E59D-4FC7-B074-D3016C8C95D0}.Debug|x86.Build.0 = Debug|Any CPU
		{0BC5B762-E59D-4FC7-B074-D3016C8C95D0}.Release|Any CPU.ActiveCfg = Release|Any CPU
		{0BC5B762-E59D-4FC7-B074-D3016C8C95D0}.Release|Any CPU.Build.0 = Release|Any CPU
		{0BC5B762-E59D-4FC7-B074-D3016C8C95D0}.Release|x64.ActiveCfg = Release|Any CPU
		{0BC5B762-E59D-4FC7-B074-D3016C8C95D0}.Release|x64.Build.0 = Release|Any CPU
		{0BC5B762-E59D-4FC7-B074-D3016C8C95D0}.Release|x86.ActiveCfg = Release|Any CPU
		{0BC5B762-E59D-4FC7-B074-D3016C8C95D0}.Release|x86.Build.0 = Release|Any CPU
		{0B6CD20A-31C9-46A4-A8D5-310FB0BFCA17}.Debug|Any CPU.ActiveCfg = Debug|Any CPU
		{0B6CD20A-31C9-46A4-A8D5-310FB0BFCA17}.Debug|Any CPU.Build.0 = Debug|Any CPU
		{0B6CD20A-31C9-46A4-A8D5-310FB0BFCA17}.Debug|x64.ActiveCfg = Debug|Any CPU
		{0B6CD20A-31C9-46A4-A8D5-310FB0BFCA17}.Debug|x64.Build.0 = Debug|Any CPU
		{0B6CD20A-31C9-46A4-A8D5-310FB0BFCA17}.Debug|x86.ActiveCfg = Debug|Any CPU
		{0B6CD20A-31C9-46A4-A8D5-310FB0BFCA17}.Debug|x86.Build.0 = Debug|Any CPU
		{0B6CD20A-31C9-46A4-A8D5-310FB0BFCA17}.Release|Any CPU.ActiveCfg = Release|Any CPU
		{0B6CD20A-31C9-46A4-A8D5-310FB0BFCA17}.Release|Any CPU.Build.0 = Release|Any CPU
		{0B6CD20A-31C9-46A4-A8D5-310FB0BFCA17}.Release|x64.ActiveCfg = Release|Any CPU
		{0B6CD20A-31C9-46A4-A8D5-310FB0BFCA17}.Release|x64.Build.0 = Release|Any CPU
		{0B6CD20A-31C9-46A4-A8D5-310FB0BFCA17}.Release|x86.ActiveCfg = Release|Any CPU
		{0B6CD20A-31C9-46A4-A8D5-310FB0BFCA17}.Release|x86.Build.0 = Release|Any CPU
		{1465DBC1-A3BF-40F1-A8CF-B87F2D5F1891}.Debug|Any CPU.ActiveCfg = Debug|Any CPU
		{1465DBC1-A3BF-40F1-A8CF-B87F2D5F1891}.Debug|Any CPU.Build.0 = Debug|Any CPU
		{1465DBC1-A3BF-40F1-A8CF-B87F2D5F1891}.Debug|x64.ActiveCfg = Debug|Any CPU
		{1465DBC1-A3BF-40F1-A8CF-B87F2D5F1891}.Debug|x64.Build.0 = Debug|Any CPU
		{1465DBC1-A3BF-40F1-A8CF-B87F2D5F1891}.Debug|x86.ActiveCfg = Debug|Any CPU
		{1465DBC1-A3BF-40F1-A8CF-B87F2D5F1891}.Debug|x86.Build.0 = Debug|Any CPU
		{1465DBC1-A3BF-40F1-A8CF-B87F2D5F1891}.Release|Any CPU.ActiveCfg = Release|Any CPU
		{1465DBC1-A3BF-40F1-A8CF-B87F2D5F1891}.Release|Any CPU.Build.0 = Release|Any CPU
		{1465DBC1-A3BF-40F1-A8CF-B87F2D5F1891}.Release|x64.ActiveCfg = Release|Any CPU
		{1465DBC1-A3BF-40F1-A8CF-B87F2D5F1891}.Release|x64.Build.0 = Release|Any CPU
		{1465DBC1-A3BF-40F1-A8CF-B87F2D5F1891}.Release|x86.ActiveCfg = Release|Any CPU
		{1465DBC1-A3BF-40F1-A8CF-B87F2D5F1891}.Release|x86.Build.0 = Release|Any CPU
		{74294DBA-1A2F-4C14-A4EE-96D61D5A47E6}.Debug|Any CPU.ActiveCfg = Debug|Any CPU
		{74294DBA-1A2F-4C14-A4EE-96D61D5A47E6}.Debug|Any CPU.Build.0 = Debug|Any CPU
		{74294DBA-1A2F-4C14-A4EE-96D61D5A47E6}.Debug|x64.ActiveCfg = Debug|Any CPU
		{74294DBA-1A2F-4C14-A4EE-96D61D5A47E6}.Debug|x64.Build.0 = Debug|Any CPU
		{74294DBA-1A2F-4C14-A4EE-96D61D5A47E6}.Debug|x86.ActiveCfg = Debug|Any CPU
		{74294DBA-1A2F-4C14-A4EE-96D61D5A47E6}.Debug|x86.Build.0 = Debug|Any CPU
		{74294DBA-1A2F-4C14-A4EE-96D61D5A47E6}.Release|Any CPU.ActiveCfg = Release|Any CPU
		{74294DBA-1A2F-4C14-A4EE-96D61D5A47E6}.Release|Any CPU.Build.0 = Release|Any CPU
		{74294DBA-1A2F-4C14-A4EE-96D61D5A47E6}.Release|x64.ActiveCfg = Release|Any CPU
		{74294DBA-1A2F-4C14-A4EE-96D61D5A47E6}.Release|x64.Build.0 = Release|Any CPU
		{74294DBA-1A2F-4C14-A4EE-96D61D5A47E6}.Release|x86.ActiveCfg = Release|Any CPU
		{74294DBA-1A2F-4C14-A4EE-96D61D5A47E6}.Release|x86.Build.0 = Release|Any CPU
		{A262ACB8-A0C0-4DDE-BF54-A999F1360263}.Debug|Any CPU.ActiveCfg = Debug|Any CPU
		{A262ACB8-A0C0-4DDE-BF54-A999F1360263}.Debug|Any CPU.Build.0 = Debug|Any CPU
		{A262ACB8-A0C0-4DDE-BF54-A999F1360263}.Debug|x64.ActiveCfg = Debug|Any CPU
		{A262ACB8-A0C0-4DDE-BF54-A999F1360263}.Debug|x64.Build.0 = Debug|Any CPU
		{A262ACB8-A0C0-4DDE-BF54-A999F1360263}.Debug|x86.ActiveCfg = Debug|Any CPU
		{A262ACB8-A0C0-4DDE-BF54-A999F1360263}.Debug|x86.Build.0 = Debug|Any CPU
		{A262ACB8-A0C0-4DDE-BF54-A999F1360263}.Release|Any CPU.ActiveCfg = Release|Any CPU
		{A262ACB8-A0C0-4DDE-BF54-A999F1360263}.Release|Any CPU.Build.0 = Release|Any CPU
		{A262ACB8-A0C0-4DDE-BF54-A999F1360263}.Release|x64.ActiveCfg = Release|Any CPU
		{A262ACB8-A0C0-4DDE-BF54-A999F1360263}.Release|x64.Build.0 = Release|Any CPU
		{A262ACB8-A0C0-4DDE-BF54-A999F1360263}.Release|x86.ActiveCfg = Release|Any CPU
		{A262ACB8-A0C0-4DDE-BF54-A999F1360263}.Release|x86.Build.0 = Release|Any CPU
		{AB693F78-5D58-4100-8A8A-D83CA3B991ED}.Debug|Any CPU.ActiveCfg = Debug|Any CPU
		{AB693F78-5D58-4100-8A8A-D83CA3B991ED}.Debug|Any CPU.Build.0 = Debug|Any CPU
		{AB693F78-5D58-4100-8A8A-D83CA3B991ED}.Debug|x64.ActiveCfg = Debug|Any CPU
		{AB693F78-5D58-4100-8A8A-D83CA3B991ED}.Debug|x64.Build.0 = Debug|Any CPU
		{AB693F78-5D58-4100-8A8A-D83CA3B991ED}.Debug|x86.ActiveCfg = Debug|Any CPU
		{AB693F78-5D58-4100-8A8A-D83CA3B991ED}.Debug|x86.Build.0 = Debug|Any CPU
		{AB693F78-5D58-4100-8A8A-D83CA3B991ED}.Release|Any CPU.ActiveCfg = Release|Any CPU
		{AB693F78-5D58-4100-8A8A-D83CA3B991ED}.Release|Any CPU.Build.0 = Release|Any CPU
		{AB693F78-5D58-4100-8A8A-D83CA3B991ED}.Release|x64.ActiveCfg = Release|Any CPU
		{AB693F78-5D58-4100-8A8A-D83CA3B991ED}.Release|x64.Build.0 = Release|Any CPU
		{AB693F78-5D58-4100-8A8A-D83CA3B991ED}.Release|x86.ActiveCfg = Release|Any CPU
		{AB693F78-5D58-4100-8A8A-D83CA3B991ED}.Release|x86.Build.0 = Release|Any CPU
		{CF894A3A-23A8-462D-A309-BD0E98C96EA7}.Debug|Any CPU.ActiveCfg = Debug|Any CPU
		{CF894A3A-23A8-462D-A309-BD0E98C96EA7}.Debug|Any CPU.Build.0 = Debug|Any CPU
		{CF894A3A-23A8-462D-A309-BD0E98C96EA7}.Debug|x64.ActiveCfg = Debug|Any CPU
		{CF894A3A-23A8-462D-A309-BD0E98C96EA7}.Debug|x64.Build.0 = Debug|Any CPU
		{CF894A3A-23A8-462D-A309-BD0E98C96EA7}.Debug|x86.ActiveCfg = Debug|Any CPU
		{CF894A3A-23A8-462D-A309-BD0E98C96EA7}.Debug|x86.Build.0 = Debug|Any CPU
		{CF894A3A-23A8-462D-A309-BD0E98C96EA7}.Release|Any CPU.ActiveCfg = Release|Any CPU
		{CF894A3A-23A8-462D-A309-BD0E98C96EA7}.Release|Any CPU.Build.0 = Release|Any CPU
		{CF894A3A-23A8-462D-A309-BD0E98C96EA7}.Release|x64.ActiveCfg = Release|Any CPU
		{CF894A3A-23A8-462D-A309-BD0E98C96EA7}.Release|x64.Build.0 = Release|Any CPU
		{CF894A3A-23A8-462D-A309-BD0E98C96EA7}.Release|x86.ActiveCfg = Release|Any CPU
		{CF894A3A-23A8-462D-A309-BD0E98C96EA7}.Release|x86.Build.0 = Release|Any CPU
		{8D9BB260-C65A-4802-BDD6-C5F2518340E3}.Debug|Any CPU.ActiveCfg = Debug|Any CPU
		{8D9BB260-C65A-4802-BDD6-C5F2518340E3}.Debug|Any CPU.Build.0 = Debug|Any CPU
		{8D9BB260-C65A-4802-BDD6-C5F2518340E3}.Debug|x64.ActiveCfg = Debug|Any CPU
		{8D9BB260-C65A-4802-BDD6-C5F2518340E3}.Debug|x64.Build.0 = Debug|Any CPU
		{8D9BB260-C65A-4802-BDD6-C5F2518340E3}.Debug|x86.ActiveCfg = Debug|Any CPU
		{8D9BB260-C65A-4802-BDD6-C5F2518340E3}.Debug|x86.Build.0 = Debug|Any CPU
		{8D9BB260-C65A-4802-BDD6-C5F2518340E3}.Release|Any CPU.ActiveCfg = Release|Any CPU
		{8D9BB260-C65A-4802-BDD6-C5F2518340E3}.Release|Any CPU.Build.0 = Release|Any CPU
		{8D9BB260-C65A-4802-BDD6-C5F2518340E3}.Release|x64.ActiveCfg = Release|Any CPU
		{8D9BB260-C65A-4802-BDD6-C5F2518340E3}.Release|x64.Build.0 = Release|Any CPU
		{8D9BB260-C65A-4802-BDD6-C5F2518340E3}.Release|x86.ActiveCfg = Release|Any CPU
		{8D9BB260-C65A-4802-BDD6-C5F2518340E3}.Release|x86.Build.0 = Release|Any CPU
		{427347D0-9C03-4E41-B98E-F32E0998614D}.Debug|Any CPU.ActiveCfg = Debug|Any CPU
		{427347D0-9C03-4E41-B98E-F32E0998614D}.Debug|Any CPU.Build.0 = Debug|Any CPU
		{427347D0-9C03-4E41-B98E-F32E0998614D}.Debug|x64.ActiveCfg = Debug|Any CPU
		{427347D0-9C03-4E41-B98E-F32E0998614D}.Debug|x64.Build.0 = Debug|Any CPU
		{427347D0-9C03-4E41-B98E-F32E0998614D}.Debug|x86.ActiveCfg = Debug|Any CPU
		{427347D0-9C03-4E41-B98E-F32E0998614D}.Debug|x86.Build.0 = Debug|Any CPU
		{427347D0-9C03-4E41-B98E-F32E0998614D}.Release|Any CPU.ActiveCfg = Release|Any CPU
		{427347D0-9C03-4E41-B98E-F32E0998614D}.Release|Any CPU.Build.0 = Release|Any CPU
		{427347D0-9C03-4E41-B98E-F32E0998614D}.Release|x64.ActiveCfg = Release|Any CPU
		{427347D0-9C03-4E41-B98E-F32E0998614D}.Release|x64.Build.0 = Release|Any CPU
		{427347D0-9C03-4E41-B98E-F32E0998614D}.Release|x86.ActiveCfg = Release|Any CPU
		{427347D0-9C03-4E41-B98E-F32E0998614D}.Release|x86.Build.0 = Release|Any CPU
		{C9747E2B-FD12-4D0A-A5D1-12EC978AB704}.Debug|Any CPU.ActiveCfg = Debug|Any CPU
		{C9747E2B-FD12-4D0A-A5D1-12EC978AB704}.Debug|Any CPU.Build.0 = Debug|Any CPU
		{C9747E2B-FD12-4D0A-A5D1-12EC978AB704}.Debug|x64.ActiveCfg = Debug|Any CPU
		{C9747E2B-FD12-4D0A-A5D1-12EC978AB704}.Debug|x64.Build.0 = Debug|Any CPU
		{C9747E2B-FD12-4D0A-A5D1-12EC978AB704}.Debug|x86.ActiveCfg = Debug|Any CPU
		{C9747E2B-FD12-4D0A-A5D1-12EC978AB704}.Debug|x86.Build.0 = Debug|Any CPU
		{C9747E2B-FD12-4D0A-A5D1-12EC978AB704}.Release|Any CPU.ActiveCfg = Release|Any CPU
		{C9747E2B-FD12-4D0A-A5D1-12EC978AB704}.Release|Any CPU.Build.0 = Release|Any CPU
		{C9747E2B-FD12-4D0A-A5D1-12EC978AB704}.Release|x64.ActiveCfg = Release|Any CPU
		{C9747E2B-FD12-4D0A-A5D1-12EC978AB704}.Release|x64.Build.0 = Release|Any CPU
		{C9747E2B-FD12-4D0A-A5D1-12EC978AB704}.Release|x86.ActiveCfg = Release|Any CPU
		{C9747E2B-FD12-4D0A-A5D1-12EC978AB704}.Release|x86.Build.0 = Release|Any CPU
		{FE6CE86F-6F96-41FF-BA8D-AC9E0B5EE364}.Debug|Any CPU.ActiveCfg = Debug|Any CPU
		{FE6CE86F-6F96-41FF-BA8D-AC9E0B5EE364}.Debug|Any CPU.Build.0 = Debug|Any CPU
		{FE6CE86F-6F96-41FF-BA8D-AC9E0B5EE364}.Debug|x64.ActiveCfg = Debug|Any CPU
		{FE6CE86F-6F96-41FF-BA8D-AC9E0B5EE364}.Debug|x64.Build.0 = Debug|Any CPU
		{FE6CE86F-6F96-41FF-BA8D-AC9E0B5EE364}.Debug|x86.ActiveCfg = Debug|Any CPU
		{FE6CE86F-6F96-41FF-BA8D-AC9E0B5EE364}.Debug|x86.Build.0 = Debug|Any CPU
		{FE6CE86F-6F96-41FF-BA8D-AC9E0B5EE364}.Release|Any CPU.ActiveCfg = Release|Any CPU
		{FE6CE86F-6F96-41FF-BA8D-AC9E0B5EE364}.Release|Any CPU.Build.0 = Release|Any CPU
		{FE6CE86F-6F96-41FF-BA8D-AC9E0B5EE364}.Release|x64.ActiveCfg = Release|Any CPU
		{FE6CE86F-6F96-41FF-BA8D-AC9E0B5EE364}.Release|x64.Build.0 = Release|Any CPU
		{FE6CE86F-6F96-41FF-BA8D-AC9E0B5EE364}.Release|x86.ActiveCfg = Release|Any CPU
		{FE6CE86F-6F96-41FF-BA8D-AC9E0B5EE364}.Release|x86.Build.0 = Release|Any CPU
		{A2829C93-2999-4CA6-854A-E60ED26B9F3C}.Debug|Any CPU.ActiveCfg = Debug|Any CPU
		{A2829C93-2999-4CA6-854A-E60ED26B9F3C}.Debug|Any CPU.Build.0 = Debug|Any CPU
		{A2829C93-2999-4CA6-854A-E60ED26B9F3C}.Debug|x64.ActiveCfg = Debug|Any CPU
		{A2829C93-2999-4CA6-854A-E60ED26B9F3C}.Debug|x64.Build.0 = Debug|Any CPU
		{A2829C93-2999-4CA6-854A-E60ED26B9F3C}.Debug|x86.ActiveCfg = Debug|Any CPU
		{A2829C93-2999-4CA6-854A-E60ED26B9F3C}.Debug|x86.Build.0 = Debug|Any CPU
		{A2829C93-2999-4CA6-854A-E60ED26B9F3C}.Release|Any CPU.ActiveCfg = Release|Any CPU
		{A2829C93-2999-4CA6-854A-E60ED26B9F3C}.Release|Any CPU.Build.0 = Release|Any CPU
		{A2829C93-2999-4CA6-854A-E60ED26B9F3C}.Release|x64.ActiveCfg = Release|Any CPU
		{A2829C93-2999-4CA6-854A-E60ED26B9F3C}.Release|x64.Build.0 = Release|Any CPU
		{A2829C93-2999-4CA6-854A-E60ED26B9F3C}.Release|x86.ActiveCfg = Release|Any CPU
		{A2829C93-2999-4CA6-854A-E60ED26B9F3C}.Release|x86.Build.0 = Release|Any CPU
	EndGlobalSection
	GlobalSection(SolutionProperties) = preSolution
		HideSolutionNode = FALSE
	EndGlobalSection
EndGlobal
